// !$*UTF8*$!
{
	archiveVersion = 1;
	classes = {
	};
	objectVersion = 46;
	objects = {

/* Begin PBXBuildFile section */
		3356643E1E56CE7000986458 /* main.cpp in Sources */ = {isa = PBXBuildFile; fileRef = 3356643D1E56CE7000986458 /* main.cpp */; };
		335664461E56CED200986458 /* libopencv_highgui.3.2.0.dylib in Frameworks */ = {isa = PBXBuildFile; fileRef = 335664451E56CED200986458 /* libopencv_highgui.3.2.0.dylib */; };
		335664481E56CF6900986458 /* libopencv_core.3.2.0.dylib in Frameworks */ = {isa = PBXBuildFile; fileRef = 335664471E56CF6900986458 /* libopencv_core.3.2.0.dylib */; };
		3356644A1E56D29B00986458 /* libopencv_calib3d.3.2.0.dylib in Frameworks */ = {isa = PBXBuildFile; fileRef = 335664491E56D29B00986458 /* libopencv_calib3d.3.2.0.dylib */; };
		3356644C1E56D32700986458 /* libopencv_video.3.2.0.dylib in Frameworks */ = {isa = PBXBuildFile; fileRef = 3356644B1E56D32700986458 /* libopencv_video.3.2.0.dylib */; };
/* End PBXBuildFile section */

/* Begin PBXCopyFilesBuildPhase section */
		335664381E56CE7000986458 /* CopyFiles */ = {
			isa = PBXCopyFilesBuildPhase;
			buildActionMask = 2147483647;
			dstPath = /usr/share/man/man1/;
			dstSubfolderSpec = 0;
			files = (
			);
			runOnlyForDeploymentPostprocessing = 1;
		};
/* End PBXCopyFilesBuildPhase section */

/* Begin PBXFileReference section */
		3356643A1E56CE7000986458 /* 디졸브_openCV */ = {isa = PBXFileReference; explicitFileType = "compiled.mach-o.executable"; includeInIndex = 0; path = "디졸브_openCV"; sourceTree = BUILT_PRODUCTS_DIR; };
		3356643D1E56CE7000986458 /* main.cpp */ = {isa = PBXFileReference; lastKnownFileType = sourcecode.cpp.cpp; path = main.cpp; sourceTree = "<group>"; };
		335664451E56CED200986458 /* libopencv_highgui.3.2.0.dylib */ = {isa = PBXFileReference; lastKnownFileType = "compiled.mach-o.dylib"; path = libopencv_highgui.3.2.0.dylib; sourceTree = "<group>"; };
		335664471E56CF6900986458 /* libopencv_core.3.2.0.dylib */ = {isa = PBXFileReference; lastKnownFileType = "compiled.mach-o.dylib"; path = libopencv_core.3.2.0.dylib; sourceTree = "<group>"; };
		335664491E56D29B00986458 /* libopencv_calib3d.3.2.0.dylib */ = {isa = PBXFileReference; lastKnownFileType = "compiled.mach-o.dylib"; path = libopencv_calib3d.3.2.0.dylib; sourceTree = "<group>"; };
		3356644B1E56D32700986458 /* libopencv_video.3.2.0.dylib */ = {isa = PBXFileReference; lastKnownFileType = "compiled.mach-o.dylib"; path = libopencv_video.3.2.0.dylib; sourceTree = "<group>"; };
		3356644D1E56D38000986458 /* cv.h */ = {isa = PBXFileReference; fileEncoding = 4; lastKnownFileType = sourcecode.c.h; path = cv.h; sourceTree = "<group>"; };
		3356644E1E56D3C300986458 /* cxcore.h */ = {isa = PBXFileReference; fileEncoding = 4; lastKnownFileType = sourcecode.c.h; path = cxcore.h; sourceTree = "<group>"; };
		3356644F1E56D3EA00986458 /* highgui.h */ = {isa = PBXFileReference; fileEncoding = 4; lastKnownFileType = sourcecode.c.h; path = highgui.h; sourceTree = "<group>"; };
/* End PBXFileReference section */

/* Begin PBXFrameworksBuildPhase section */
		335664371E56CE7000986458 /* Frameworks */ = {
			isa = PBXFrameworksBuildPhase;
			buildActionMask = 2147483647;
			files = (
				3356644C1E56D32700986458 /* libopencv_video.3.2.0.dylib in Frameworks */,
				335664461E56CED200986458 /* libopencv_highgui.3.2.0.dylib in Frameworks */,
				3356644A1E56D29B00986458 /* libopencv_calib3d.3.2.0.dylib in Frameworks */,
				335664481E56CF6900986458 /* libopencv_core.3.2.0.dylib in Frameworks */,
			);
			runOnlyForDeploymentPostprocessing = 0;
		};
/* End PBXFrameworksBuildPhase section */

/* Begin PBXGroup section */
		335664311E56CE7000986458 = {
			isa = PBXGroup;
			children = (
				335664441E56CE9800986458 /* library */,
				3356643C1E56CE7000986458 /* 디졸브_openCV */,
				3356643B1E56CE7000986458 /* Products */,
			);
			sourceTree = "<group>";
		};
		3356643B1E56CE7000986458 /* Products */ = {
			isa = PBXGroup;
			children = (
				3356643A1E56CE7000986458 /* 디졸브_openCV */,
			);
			name = Products;
			sourceTree = "<group>";
		};
		3356643C1E56CE7000986458 /* 디졸브_openCV */ = {
			isa = PBXGroup;
			children = (
				3356643D1E56CE7000986458 /* main.cpp */,
			);
			path = "디졸브_openCV";
			sourceTree = "<group>";
		};
		335664441E56CE9800986458 /* library */ = {
			isa = PBXGroup;
			children = (
				3356644B1E56D32700986458 /* libopencv_video.3.2.0.dylib */,
				3356644D1E56D38000986458 /* cv.h */,
				3356644F1E56D3EA00986458 /* highgui.h */,
				3356644E1E56D3C300986458 /* cxcore.h */,
				335664491E56D29B00986458 /* libopencv_calib3d.3.2.0.dylib */,
				335664471E56CF6900986458 /* libopencv_core.3.2.0.dylib */,
				335664451E56CED200986458 /* libopencv_highgui.3.2.0.dylib */,
			);
			name = library;
			sourceTree = "<group>";
		};
/* End PBXGroup section */

/* Begin PBXNativeTarget section */
		335664391E56CE7000986458 /* 디졸브_openCV */ = {
			isa = PBXNativeTarget;
			buildConfigurationList = 335664411E56CE7000986458 /* Build configuration list for PBXNativeTarget "디졸브_openCV" */;
			buildPhases = (
				335664361E56CE7000986458 /* Sources */,
				335664371E56CE7000986458 /* Frameworks */,
				335664381E56CE7000986458 /* CopyFiles */,
			);
			buildRules = (
			);
			dependencies = (
			);
			name = "디졸브_openCV";
			productName = "디졸브_openCV";
			productReference = 3356643A1E56CE7000986458 /* 디졸브_openCV */;
			productType = "com.apple.product-type.tool";
		};
/* End PBXNativeTarget section */

/* Begin PBXProject section */
		335664321E56CE7000986458 /* Project object */ = {
			isa = PBXProject;
			attributes = {
				LastUpgradeCheck = 0820;
				ORGANIZATIONNAME = "김다은";
				TargetAttributes = {
					335664391E56CE7000986458 = {
						CreatedOnToolsVersion = 8.2.1;
						ProvisioningStyle = Automatic;
					};
				};
			};
			buildConfigurationList = 335664351E56CE7000986458 /* Build configuration list for PBXProject "디졸브_openCV" */;
			compatibilityVersion = "Xcode 3.2";
			developmentRegion = English;
			hasScannedForEncodings = 0;
			knownRegions = (
				en,
			);
			mainGroup = 335664311E56CE7000986458;
			productRefGroup = 3356643B1E56CE7000986458 /* Products */;
			projectDirPath = "";
			projectRoot = "";
			targets = (
				335664391E56CE7000986458 /* 디졸브_openCV */,
			);
		};
/* End PBXProject section */

/* Begin PBXSourcesBuildPhase section */
		335664361E56CE7000986458 /* Sources */ = {
			isa = PBXSourcesBuildPhase;
			buildActionMask = 2147483647;
			files = (
				3356643E1E56CE7000986458 /* main.cpp in Sources */,
			);
			runOnlyForDeploymentPostprocessing = 0;
		};
/* End PBXSourcesBuildPhase section */

/* Begin XCBuildConfiguration section */
		3356643F1E56CE7000986458 /* Debug */ = {
			isa = XCBuildConfiguration;
			buildSettings = {
				ALWAYS_SEARCH_USER_PATHS = NO;
				CLANG_ANALYZER_NONNULL = YES;
				CLANG_CXX_LANGUAGE_STANDARD = "gnu++0x";
				CLANG_CXX_LIBRARY = "libc++";
				CLANG_ENABLE_MODULES = YES;
				CLANG_ENABLE_OBJC_ARC = YES;
				CLANG_WARN_BOOL_CONVERSION = YES;
				CLANG_WARN_CONSTANT_CONVERSION = YES;
				CLANG_WARN_DIRECT_OBJC_ISA_USAGE = YES_ERROR;
				CLANG_WARN_DOCUMENTATION_COMMENTS = YES;
				CLANG_WARN_EMPTY_BODY = YES;
				CLANG_WARN_ENUM_CONVERSION = YES;
				CLANG_WARN_INFINITE_RECURSION = YES;
				CLANG_WARN_INT_CONVERSION = YES;
				CLANG_WARN_OBJC_ROOT_CLASS = YES_ERROR;
				CLANG_WARN_SUSPICIOUS_MOVE = YES;
				CLANG_WARN_UNREACHABLE_CODE = YES;
				CLANG_WARN__DUPLICATE_METHOD_MATCH = YES;
				CODE_SIGN_IDENTITY = "-";
				COPY_PHASE_STRIP = NO;
				DEBUG_INFORMATION_FORMAT = dwarf;
				ENABLE_STRICT_OBJC_MSGSEND = YES;
				ENABLE_TESTABILITY = YES;
				GCC_C_LANGUAGE_STANDARD = gnu99;
				GCC_DYNAMIC_NO_PIC = NO;
				GCC_NO_COMMON_BLOCKS = YES;
				GCC_OPTIMIZATION_LEVEL = 0;
				GCC_PREPROCESSOR_DEFINITIONS = (
					"DEBUG=1",
					"$(inherited)",
				);
				GCC_WARN_64_TO_32_BIT_CONVERSION = YES;
				GCC_WARN_ABOUT_RETURN_TYPE = YES_ERROR;
				GCC_WARN_UNDECLARED_SELECTOR = YES;
				GCC_WARN_UNINITIALIZED_AUTOS = YES_AGGRESSIVE;
				GCC_WARN_UNUSED_FUNCTION = YES;
				GCC_WARN_UNUSED_VARIABLE = YES;
				MACOSX_DEPLOYMENT_TARGET = 10.11;
				MTL_ENABLE_DEBUG_INFO = YES;
				ONLY_ACTIVE_ARCH = YES;
				SDKROOT = macosx;
			};
			name = Debug;
		};
		335664401E56CE7000986458 /* Release */ = {
			isa = XCBuildConfiguration;
			buildSettings = {
				ALWAYS_SEARCH_USER_PATHS = NO;
				CLANG_ANALYZER_NONNULL = YES;
				CLANG_CXX_LANGUAGE_STANDARD = "gnu++0x";
				CLANG_CXX_LIBRARY = "libc++";
				CLANG_ENABLE_MODULES = YES;
				CLANG_ENABLE_OBJC_ARC = YES;
				CLANG_WARN_BOOL_CONVERSION = YES;
				CLANG_WARN_CONSTANT_CONVERSION = YES;
				CLANG_WARN_DIRECT_OBJC_ISA_USAGE = YES_ERROR;
				CLANG_WARN_DOCUMENTATION_COMMENTS = YES;
				CLANG_WARN_EMPTY_BODY = YES;
				CLANG_WARN_ENUM_CONVERSION = YES;
				CLANG_WARN_INFINITE_RECURSION = YES;
				CLANG_WARN_INT_CONVERSION = YES;
				CLANG_WARN_OBJC_ROOT_CLASS = YES_ERROR;
				CLANG_WARN_SUSPICIOUS_MOVE = YES;
				CLANG_WARN_UNREACHABLE_CODE = YES;
				CLANG_WARN__DUPLICATE_METHOD_MATCH = YES;
				CODE_SIGN_IDENTITY = "-";
				COPY_PHASE_STRIP = NO;
				DEBUG_INFORMATION_FORMAT = "dwarf-with-dsym";
				ENABLE_NS_ASSERTIONS = NO;
				ENABLE_STRICT_OBJC_MSGSEND = YES;
				GCC_C_LANGUAGE_STANDARD = gnu99;
				GCC_NO_COMMON_BLOCKS = YES;
				GCC_WARN_64_TO_32_BIT_CONVERSION = YES;
				GCC_WARN_ABOUT_RETURN_TYPE = YES_ERROR;
				GCC_WARN_UNDECLARED_SELECTOR = YES;
				GCC_WARN_UNINITIALIZED_AUTOS = YES_AGGRESSIVE;
				GCC_WARN_UNUSED_FUNCTION = YES;
				GCC_WARN_UNUSED_VARIABLE = YES;
				MACOSX_DEPLOYMENT_TARGET = 10.11;
				MTL_ENABLE_DEBUG_INFO = NO;
				SDKROOT = macosx;
			};
			name = Release;
		};
		335664421E56CE7000986458 /* Debug */ = {
			isa = XCBuildConfiguration;
			buildSettings = {
				"HEADER_SEARCH_PATHS[arch=*]" = /opt/local/include;
				LIBRARY_SEARCH_PATHS = (
					"$(inherited)",
					"$(PROJECT_DIR)",
				);
				"LIBRARY_SEARCH_PATHS[arch=*]" = /opt/local/lib;
				PRODUCT_NAME = "$(TARGET_NAME)";
			};
			name = Debug;
		};
		335664431E56CE7000986458 /* Release */ = {
			isa = XCBuildConfiguration;
			buildSettings = {
				"HEADER_SEARCH_PATHS[arch=*]" = /opt/local/include;
				LIBRARY_SEARCH_PATHS = (
					"$(inherited)",
					"$(PROJECT_DIR)",
				);
				"LIBRARY_SEARCH_PATHS[arch=*]" = /opt/local/lib;
				PRODUCT_NAME = "$(TARGET_NAME)";
			};
			name = Release;
		};
/* End XCBuildConfiguration section */

/* Begin XCConfigurationList section */
		335664351E56CE7000986458 /* Build configuration list for PBXProject "디졸브_openCV" */ = {
			isa = XCConfigurationList;
			buildConfigurations = (
				3356643F1E56CE7000986458 /* Debug */,
				335664401E56CE7000986458 /* Release */,
			);
			defaultConfigurationIsVisible = 0;
			defaultConfigurationName = Release;
		};
		335664411E56CE7000986458 /* Build configuration list for PBXNativeTarget "디졸브_openCV" */ = {
			isa = XCConfigurationList;
			buildConfigurations = (
				335664421E56CE7000986458 /* Debug */,
				335664431E56CE7000986458 /* Release */,
			);
			defaultConfigurationIsVisible = 0;
		};
/* End XCConfigurationList section */
	};
	rootObject = 335664321E56CE7000986458 /* Project object */;
}
