// !$*UTF8*$!
{
	archiveVersion = 1;
	classes = {
	};
	objectVersion = 46;
	objects = {

/* Begin PBXBuildFile section */
		33BFF5011ED40BF70004E8FA /* main.cpp in Sources */ = {isa = PBXBuildFile; fileRef = 33BFF5001ED40BF70004E8FA /* main.cpp */; };
/* End PBXBuildFile section */

/* Begin PBXCopyFilesBuildPhase section */
		33BFF4FB1ED40BF60004E8FA /* CopyFiles */ = {
			isa = PBXCopyFilesBuildPhase;
			buildActionMask = 2147483647;
			dstPath = /usr/share/man/man1/;
			dstSubfolderSpec = 0;
			files = (
			);
			runOnlyForDeploymentPostprocessing = 1;
		};
/* End PBXCopyFilesBuildPhase section */

/* Begin PBXFileReference section */
		33BFF4FD1ED40BF70004E8FA /* 14581팬들에게둘러싸인홍준 */ = {isa = PBXFileReference; explicitFileType = "compiled.mach-o.executable"; includeInIndex = 0; path = "14581팬들에게둘러싸인홍준"; sourceTree = BUILT_PRODUCTS_DIR; };
		33BFF5001ED40BF70004E8FA /* main.cpp */ = {isa = PBXFileReference; lastKnownFileType = sourcecode.cpp.cpp; path = main.cpp; sourceTree = "<group>"; };
/* End PBXFileReference section */

/* Begin PBXFrameworksBuildPhase section */
		33BFF4FA1ED40BF60004E8FA /* Frameworks */ = {
			isa = PBXFrameworksBuildPhase;
			buildActionMask = 2147483647;
			files = (
			);
			runOnlyForDeploymentPostprocessing = 0;
		};
/* End PBXFrameworksBuildPhase section */

/* Begin PBXGroup section */
		33BFF4F41ED40BF60004E8FA = {
			isa = PBXGroup;
			children = (
				33BFF4FF1ED40BF70004E8FA /* 14581팬들에게둘러싸인홍준 */,
				33BFF4FE1ED40BF70004E8FA /* Products */,
			);
			sourceTree = "<group>";
		};
		33BFF4FE1ED40BF70004E8FA /* Products */ = {
			isa = PBXGroup;
			children = (
				33BFF4FD1ED40BF70004E8FA /* 14581팬들에게둘러싸인홍준 */,
			);
			name = Products;
			sourceTree = "<group>";
		};
		33BFF4FF1ED40BF70004E8FA /* 14581팬들에게둘러싸인홍준 */ = {
			isa = PBXGroup;
			children = (
				33BFF5001ED40BF70004E8FA /* main.cpp */,
			);
			path = "14581팬들에게둘러싸인홍준";
			sourceTree = "<group>";
		};
/* End PBXGroup section */

/* Begin PBXNativeTarget section */
		33BFF4FC1ED40BF60004E8FA /* 14581팬들에게둘러싸인홍준 */ = {
			isa = PBXNativeTarget;
			buildConfigurationList = 33BFF5041ED40BF70004E8FA /* Build configuration list for PBXNativeTarget "14581팬들에게둘러싸인홍준" */;
			buildPhases = (
				33BFF4F91ED40BF60004E8FA /* Sources */,
				33BFF4FA1ED40BF60004E8FA /* Frameworks */,
				33BFF4FB1ED40BF60004E8FA /* CopyFiles */,
			);
			buildRules = (
			);
			dependencies = (
			);
			name = "14581팬들에게둘러싸인홍준";
			productName = "14581팬들에게둘러싸인홍준";
			productReference = 33BFF4FD1ED40BF70004E8FA /* 14581팬들에게둘러싸인홍준 */;
			productType = "com.apple.product-type.tool";
		};
/* End PBXNativeTarget section */

/* Begin PBXProject section */
		33BFF4F51ED40BF60004E8FA /* Project object */ = {
			isa = PBXProject;
			attributes = {
				LastUpgradeCheck = 0820;
				ORGANIZATIONNAME = "김다은";
				TargetAttributes = {
					33BFF4FC1ED40BF60004E8FA = {
						CreatedOnToolsVersion = 8.2.1;
						ProvisioningStyle = Automatic;
					};
				};
			};
			buildConfigurationList = 33BFF4F81ED40BF60004E8FA /* Build configuration list for PBXProject "14581팬들에게둘러싸인홍준" */;
			compatibilityVersion = "Xcode 3.2";
			developmentRegion = English;
			hasScannedForEncodings = 0;
			knownRegions = (
				en,
			);
			mainGroup = 33BFF4F41ED40BF60004E8FA;
			productRefGroup = 33BFF4FE1ED40BF70004E8FA /* Products */;
			projectDirPath = "";
			projectRoot = "";
			targets = (
				33BFF4FC1ED40BF60004E8FA /* 14581팬들에게둘러싸인홍준 */,
			);
		};
/* End PBXProject section */

/* Begin PBXSourcesBuildPhase section */
		33BFF4F91ED40BF60004E8FA /* Sources */ = {
			isa = PBXSourcesBuildPhase;
			buildActionMask = 2147483647;
			files = (
				33BFF5011ED40BF70004E8FA /* main.cpp in Sources */,
			);
			runOnlyForDeploymentPostprocessing = 0;
		};
/* End PBXSourcesBuildPhase section */

/* Begin XCBuildConfiguration section */
		33BFF5021ED40BF70004E8FA /* Debug */ = {
			isa = XCBuildConfiguration;
			buildSettings = {
				ALWAYS_SEARCH_USER_PATHS = NO;
				CLANG_ANALYZER_NONNULL = YES;
				CLANG_CXX_LANGUAGE_STANDARD = "gnu++0x";
				CLANG_CXX_LIBRARY = "libc++";
				CLANG_ENABLE_MODULES = YES;
				CLANG_ENABLE_OBJC_ARC = YES;
				CLANG_WARN_BOOL_CONVERSION = YES;
				CLANG_WARN_CONSTANT_CONVERSION = YES;
				CLANG_WARN_DIRECT_OBJC_ISA_USAGE = YES_ERROR;
				CLANG_WARN_DOCUMENTATION_COMMENTS = YES;
				CLANG_WARN_EMPTY_BODY = YES;
				CLANG_WARN_ENUM_CONVERSION = YES;
				CLANG_WARN_INFINITE_RECURSION = YES;
				CLANG_WARN_INT_CONVERSION = YES;
				CLANG_WARN_OBJC_ROOT_CLASS = YES_ERROR;
				CLANG_WARN_SUSPICIOUS_MOVE = YES;
				CLANG_WARN_UNREACHABLE_CODE = YES;
				CLANG_WARN__DUPLICATE_METHOD_MATCH = YES;
				CODE_SIGN_IDENTITY = "-";
				COPY_PHASE_STRIP = NO;
				DEBUG_INFORMATION_FORMAT = dwarf;
				ENABLE_STRICT_OBJC_MSGSEND = YES;
				ENABLE_TESTABILITY = YES;
				GCC_C_LANGUAGE_STANDARD = gnu99;
				GCC_DYNAMIC_NO_PIC = NO;
				GCC_NO_COMMON_BLOCKS = YES;
				GCC_OPTIMIZATION_LEVEL = 0;
				GCC_PREPROCESSOR_DEFINITIONS = (
					"DEBUG=1",
					"$(inherited)",
				);
				GCC_WARN_64_TO_32_BIT_CONVERSION = YES;
				GCC_WARN_ABOUT_RETURN_TYPE = YES_ERROR;
				GCC_WARN_UNDECLARED_SELECTOR = YES;
				GCC_WARN_UNINITIALIZED_AUTOS = YES_AGGRESSIVE;
				GCC_WARN_UNUSED_FUNCTION = YES;
				GCC_WARN_UNUSED_VARIABLE = YES;
				MACOSX_DEPLOYMENT_TARGET = 10.11;
				MTL_ENABLE_DEBUG_INFO = YES;
				ONLY_ACTIVE_ARCH = YES;
				SDKROOT = macosx;
			};
			name = Debug;
		};
		33BFF5031ED40BF70004E8FA /* Release */ = {
			isa = XCBuildConfiguration;
			buildSettings = {
				ALWAYS_SEARCH_USER_PATHS = NO;
				CLANG_ANALYZER_NONNULL = YES;
				CLANG_CXX_LANGUAGE_STANDARD = "gnu++0x";
				CLANG_CXX_LIBRARY = "libc++";
				CLANG_ENABLE_MODULES = YES;
				CLANG_ENABLE_OBJC_ARC = YES;
				CLANG_WARN_BOOL_CONVERSION = YES;
				CLANG_WARN_CONSTANT_CONVERSION = YES;
				CLANG_WARN_DIRECT_OBJC_ISA_USAGE = YES_ERROR;
				CLANG_WARN_DOCUMENTATION_COMMENTS = YES;
				CLANG_WARN_EMPTY_BODY = YES;
				CLANG_WARN_ENUM_CONVERSION = YES;
				CLANG_WARN_INFINITE_RECURSION = YES;
				CLANG_WARN_INT_CONVERSION = YES;
				CLANG_WARN_OBJC_ROOT_CLASS = YES_ERROR;
				CLANG_WARN_SUSPICIOUS_MOVE = YES;
				CLANG_WARN_UNREACHABLE_CODE = YES;
				CLANG_WARN__DUPLICATE_METHOD_MATCH = YES;
				CODE_SIGN_IDENTITY = "-";
				COPY_PHASE_STRIP = NO;
				DEBUG_INFORMATION_FORMAT = "dwarf-with-dsym";
				ENABLE_NS_ASSERTIONS = NO;
				ENABLE_STRICT_OBJC_MSGSEND = YES;
				GCC_C_LANGUAGE_STANDARD = gnu99;
				GCC_NO_COMMON_BLOCKS = YES;
				GCC_WARN_64_TO_32_BIT_CONVERSION = YES;
				GCC_WARN_ABOUT_RETURN_TYPE = YES_ERROR;
				GCC_WARN_UNDECLARED_SELECTOR = YES;
				GCC_WARN_UNINITIALIZED_AUTOS = YES_AGGRESSIVE;
				GCC_WARN_UNUSED_FUNCTION = YES;
				GCC_WARN_UNUSED_VARIABLE = YES;
				MACOSX_DEPLOYMENT_TARGET = 10.11;
				MTL_ENABLE_DEBUG_INFO = NO;
				SDKROOT = macosx;
			};
			name = Release;
		};
		33BFF5051ED40BF70004E8FA /* Debug */ = {
			isa = XCBuildConfiguration;
			buildSettings = {
				PRODUCT_NAME = "$(TARGET_NAME)";
			};
			name = Debug;
		};
		33BFF5061ED40BF70004E8FA /* Release */ = {
			isa = XCBuildConfiguration;
			buildSettings = {
				PRODUCT_NAME = "$(TARGET_NAME)";
			};
			name = Release;
		};
/* End XCBuildConfiguration section */

/* Begin XCConfigurationList section */
		33BFF4F81ED40BF60004E8FA /* Build configuration list for PBXProject "14581팬들에게둘러싸인홍준" */ = {
			isa = XCConfigurationList;
			buildConfigurations = (
				33BFF5021ED40BF70004E8FA /* Debug */,
				33BFF5031ED40BF70004E8FA /* Release */,
			);
			defaultConfigurationIsVisible = 0;
			defaultConfigurationName = Release;
		};
		33BFF5041ED40BF70004E8FA /* Build configuration list for PBXNativeTarget "14581팬들에게둘러싸인홍준" */ = {
			isa = XCConfigurationList;
			buildConfigurations = (
				33BFF5051ED40BF70004E8FA /* Debug */,
				33BFF5061ED40BF70004E8FA /* Release */,
			);
			defaultConfigurationIsVisible = 0;
		};
/* End XCConfigurationList section */
	};
	rootObject = 33BFF4F51ED40BF60004E8FA /* Project object */;
}
