// !$*UTF8*$!
{
	archiveVersion = 1;
	classes = {
	};
	objectVersion = 46;
	objects = {

/* Begin PBXBuildFile section */
		331332951E4478E900BAD242 /* main.cpp in Sources */ = {isa = PBXBuildFile; fileRef = 331332941E4478E900BAD242 /* main.cpp */; };
		331332B31E4487F100BAD242 /* libopencv_highgui.3.2.0.dylib in Frameworks */ = {isa = PBXBuildFile; fileRef = 331332B21E4487F100BAD242 /* libopencv_highgui.3.2.0.dylib */; };
		331332B51E44880B00BAD242 /* libopencv_core.3.2.0.dylib in Frameworks */ = {isa = PBXBuildFile; fileRef = 331332B41E44880B00BAD242 /* libopencv_core.3.2.0.dylib */; };
		331332B71E44884300BAD242 /* libopencv_imgproc.3.2.0.dylib in Frameworks */ = {isa = PBXBuildFile; fileRef = 331332B61E44884300BAD242 /* libopencv_imgproc.3.2.0.dylib */; };
		331332B91E44888100BAD242 /* libopencv_ml.3.2.0.dylib in Frameworks */ = {isa = PBXBuildFile; fileRef = 331332B81E44888100BAD242 /* libopencv_ml.3.2.0.dylib */; };
		331332BB1E4488A500BAD242 /* libopencv_video.3.2.0.dylib in Frameworks */ = {isa = PBXBuildFile; fileRef = 331332BA1E4488A500BAD242 /* libopencv_video.3.2.0.dylib */; };
		331332BD1E44B8C100BAD242 /* libopencv_imgcodecs.3.2.0.dylib in Frameworks */ = {isa = PBXBuildFile; fileRef = 331332BC1E44B8C100BAD242 /* libopencv_imgcodecs.3.2.0.dylib */; };
		331332BF1E44BD2D00BAD242 /* libasprintf.0.dylib in Frameworks */ = {isa = PBXBuildFile; fileRef = 331332BE1E44BD2D00BAD242 /* libasprintf.0.dylib */; };
/* End PBXBuildFile section */

/* Begin PBXCopyFilesBuildPhase section */
		3313328F1E4478E900BAD242 /* CopyFiles */ = {
			isa = PBXCopyFilesBuildPhase;
			buildActionMask = 2147483647;
			dstPath = /usr/share/man/man1/;
			dstSubfolderSpec = 0;
			files = (
			);
			runOnlyForDeploymentPostprocessing = 1;
		};
/* End PBXCopyFilesBuildPhase section */

/* Begin PBXFileReference section */
		331332911E4478E900BAD242 /* 히스토그램_openCVsample */ = {isa = PBXFileReference; explicitFileType = "compiled.mach-o.executable"; includeInIndex = 0; path = "히스토그램_openCVsample"; sourceTree = BUILT_PRODUCTS_DIR; };
		331332941E4478E900BAD242 /* main.cpp */ = {isa = PBXFileReference; lastKnownFileType = sourcecode.cpp.cpp; path = main.cpp; sourceTree = "<group>"; };
		331332A61E4480E500BAD242 /* award.jpeg */ = {isa = PBXFileReference; lastKnownFileType = image.jpeg; path = award.jpeg; sourceTree = "<group>"; };
		331332B21E4487F100BAD242 /* libopencv_highgui.3.2.0.dylib */ = {isa = PBXFileReference; lastKnownFileType = "compiled.mach-o.dylib"; path = libopencv_highgui.3.2.0.dylib; sourceTree = "<group>"; };
		331332B41E44880B00BAD242 /* libopencv_core.3.2.0.dylib */ = {isa = PBXFileReference; lastKnownFileType = "compiled.mach-o.dylib"; path = libopencv_core.3.2.0.dylib; sourceTree = "<group>"; };
		331332B61E44884300BAD242 /* libopencv_imgproc.3.2.0.dylib */ = {isa = PBXFileReference; lastKnownFileType = "compiled.mach-o.dylib"; path = libopencv_imgproc.3.2.0.dylib; sourceTree = "<group>"; };
		331332B81E44888100BAD242 /* libopencv_ml.3.2.0.dylib */ = {isa = PBXFileReference; lastKnownFileType = "compiled.mach-o.dylib"; path = libopencv_ml.3.2.0.dylib; sourceTree = "<group>"; };
		331332BA1E4488A500BAD242 /* libopencv_video.3.2.0.dylib */ = {isa = PBXFileReference; lastKnownFileType = "compiled.mach-o.dylib"; path = libopencv_video.3.2.0.dylib; sourceTree = "<group>"; };
		331332BC1E44B8C100BAD242 /* libopencv_imgcodecs.3.2.0.dylib */ = {isa = PBXFileReference; lastKnownFileType = "compiled.mach-o.dylib"; path = libopencv_imgcodecs.3.2.0.dylib; sourceTree = "<group>"; };
		331332BE1E44BD2D00BAD242 /* libasprintf.0.dylib */ = {isa = PBXFileReference; lastKnownFileType = "compiled.mach-o.dylib"; path = libasprintf.0.dylib; sourceTree = "<group>"; };
		331332C21E44BF8500BAD242 /* self.jpeg */ = {isa = PBXFileReference; lastKnownFileType = image.jpeg; path = self.jpeg; sourceTree = "<group>"; };
/* End PBXFileReference section */

/* Begin PBXFrameworksBuildPhase section */
		3313328E1E4478E900BAD242 /* Frameworks */ = {
			isa = PBXFrameworksBuildPhase;
			buildActionMask = 2147483647;
			files = (
				331332B71E44884300BAD242 /* libopencv_imgproc.3.2.0.dylib in Frameworks */,
				331332BD1E44B8C100BAD242 /* libopencv_imgcodecs.3.2.0.dylib in Frameworks */,
				331332BB1E4488A500BAD242 /* libopencv_video.3.2.0.dylib in Frameworks */,
				331332B31E4487F100BAD242 /* libopencv_highgui.3.2.0.dylib in Frameworks */,
				331332B51E44880B00BAD242 /* libopencv_core.3.2.0.dylib in Frameworks */,
				331332B91E44888100BAD242 /* libopencv_ml.3.2.0.dylib in Frameworks */,
				331332BF1E44BD2D00BAD242 /* libasprintf.0.dylib in Frameworks */,
			);
			runOnlyForDeploymentPostprocessing = 0;
		};
/* End PBXFrameworksBuildPhase section */

/* Begin PBXGroup section */
		331332881E4478E900BAD242 = {
			isa = PBXGroup;
			children = (
				3313329B1E44799700BAD242 /* open CV Framwork */,
				331332931E4478E900BAD242 /* 히스토그램_openCVsample */,
				331332921E4478E900BAD242 /* Products */,
			);
			sourceTree = "<group>";
		};
		331332921E4478E900BAD242 /* Products */ = {
			isa = PBXGroup;
			children = (
				331332911E4478E900BAD242 /* 히스토그램_openCVsample */,
			);
			name = Products;
			sourceTree = "<group>";
		};
		331332931E4478E900BAD242 /* 히스토그램_openCVsample */ = {
			isa = PBXGroup;
			children = (
				331332941E4478E900BAD242 /* main.cpp */,
				331332A61E4480E500BAD242 /* award.jpeg */,
				331332C21E44BF8500BAD242 /* self.jpeg */,
			);
			path = "히스토그램_openCVsample";
			sourceTree = "<group>";
		};
		3313329B1E44799700BAD242 /* open CV Framwork */ = {
			isa = PBXGroup;
			children = (
				331332BE1E44BD2D00BAD242 /* libasprintf.0.dylib */,
				331332BC1E44B8C100BAD242 /* libopencv_imgcodecs.3.2.0.dylib */,
				331332BA1E4488A500BAD242 /* libopencv_video.3.2.0.dylib */,
				331332B81E44888100BAD242 /* libopencv_ml.3.2.0.dylib */,
				331332B61E44884300BAD242 /* libopencv_imgproc.3.2.0.dylib */,
				331332B41E44880B00BAD242 /* libopencv_core.3.2.0.dylib */,
				331332B21E4487F100BAD242 /* libopencv_highgui.3.2.0.dylib */,
			);
			name = "open CV Framwork";
			sourceTree = "<group>";
		};
/* End PBXGroup section */

/* Begin PBXNativeTarget section */
		331332901E4478E900BAD242 /* 히스토그램_openCVsample */ = {
			isa = PBXNativeTarget;
			buildConfigurationList = 331332981E4478E900BAD242 /* Build configuration list for PBXNativeTarget "히스토그램_openCVsample" */;
			buildPhases = (
				3313328D1E4478E900BAD242 /* Sources */,
				3313328E1E4478E900BAD242 /* Frameworks */,
				3313328F1E4478E900BAD242 /* CopyFiles */,
			);
			buildRules = (
			);
			dependencies = (
			);
			name = "히스토그램_openCVsample";
			productName = "히스토그램_openCVsample";
			productReference = 331332911E4478E900BAD242 /* 히스토그램_openCVsample */;
			productType = "com.apple.product-type.tool";
		};
/* End PBXNativeTarget section */

/* Begin PBXProject section */
		331332891E4478E900BAD242 /* Project object */ = {
			isa = PBXProject;
			attributes = {
				LastUpgradeCheck = 0820;
				ORGANIZATIONNAME = "김다은";
				TargetAttributes = {
					331332901E4478E900BAD242 = {
						CreatedOnToolsVersion = 8.2.1;
						ProvisioningStyle = Automatic;
					};
				};
			};
			buildConfigurationList = 3313328C1E4478E900BAD242 /* Build configuration list for PBXProject "히스토그램_openCVsample" */;
			compatibilityVersion = "Xcode 3.2";
			developmentRegion = English;
			hasScannedForEncodings = 0;
			knownRegions = (
				en,
			);
			mainGroup = 331332881E4478E900BAD242;
			productRefGroup = 331332921E4478E900BAD242 /* Products */;
			projectDirPath = "";
			projectRoot = "";
			targets = (
				331332901E4478E900BAD242 /* 히스토그램_openCVsample */,
			);
		};
/* End PBXProject section */

/* Begin PBXSourcesBuildPhase section */
		3313328D1E4478E900BAD242 /* Sources */ = {
			isa = PBXSourcesBuildPhase;
			buildActionMask = 2147483647;
			files = (
				331332951E4478E900BAD242 /* main.cpp in Sources */,
			);
			runOnlyForDeploymentPostprocessing = 0;
		};
/* End PBXSourcesBuildPhase section */

/* Begin XCBuildConfiguration section */
		331332961E4478E900BAD242 /* Debug */ = {
			isa = XCBuildConfiguration;
			buildSettings = {
				ALWAYS_SEARCH_USER_PATHS = NO;
				CLANG_ANALYZER_NONNULL = YES;
				CLANG_CXX_LANGUAGE_STANDARD = "gnu++0x";
				CLANG_CXX_LIBRARY = "libc++";
				CLANG_ENABLE_MODULES = YES;
				CLANG_ENABLE_OBJC_ARC = YES;
				CLANG_WARN_BOOL_CONVERSION = YES;
				CLANG_WARN_CONSTANT_CONVERSION = YES;
				CLANG_WARN_DIRECT_OBJC_ISA_USAGE = YES_ERROR;
				CLANG_WARN_DOCUMENTATION_COMMENTS = YES;
				CLANG_WARN_EMPTY_BODY = YES;
				CLANG_WARN_ENUM_CONVERSION = YES;
				CLANG_WARN_INFINITE_RECURSION = YES;
				CLANG_WARN_INT_CONVERSION = YES;
				CLANG_WARN_OBJC_ROOT_CLASS = YES_ERROR;
				CLANG_WARN_SUSPICIOUS_MOVE = YES;
				CLANG_WARN_UNREACHABLE_CODE = YES;
				CLANG_WARN__DUPLICATE_METHOD_MATCH = YES;
				CODE_SIGN_IDENTITY = "-";
				COPY_PHASE_STRIP = NO;
				DEBUG_INFORMATION_FORMAT = dwarf;
				ENABLE_STRICT_OBJC_MSGSEND = YES;
				ENABLE_TESTABILITY = YES;
				GCC_C_LANGUAGE_STANDARD = gnu99;
				GCC_DYNAMIC_NO_PIC = NO;
				GCC_NO_COMMON_BLOCKS = YES;
				GCC_OPTIMIZATION_LEVEL = 0;
				GCC_PREPROCESSOR_DEFINITIONS = (
					"DEBUG=1",
					"$(inherited)",
				);
				GCC_WARN_64_TO_32_BIT_CONVERSION = YES;
				GCC_WARN_ABOUT_RETURN_TYPE = YES_ERROR;
				GCC_WARN_UNDECLARED_SELECTOR = YES;
				GCC_WARN_UNINITIALIZED_AUTOS = YES_AGGRESSIVE;
				GCC_WARN_UNUSED_FUNCTION = YES;
				GCC_WARN_UNUSED_VARIABLE = YES;
				MACOSX_DEPLOYMENT_TARGET = 10.11;
				MTL_ENABLE_DEBUG_INFO = YES;
				ONLY_ACTIVE_ARCH = YES;
				SDKROOT = macosx;
			};
			name = Debug;
		};
		331332971E4478E900BAD242 /* Release */ = {
			isa = XCBuildConfiguration;
			buildSettings = {
				ALWAYS_SEARCH_USER_PATHS = NO;
				CLANG_ANALYZER_NONNULL = YES;
				CLANG_CXX_LANGUAGE_STANDARD = "gnu++0x";
				CLANG_CXX_LIBRARY = "libc++";
				CLANG_ENABLE_MODULES = YES;
				CLANG_ENABLE_OBJC_ARC = YES;
				CLANG_WARN_BOOL_CONVERSION = YES;
				CLANG_WARN_CONSTANT_CONVERSION = YES;
				CLANG_WARN_DIRECT_OBJC_ISA_USAGE = YES_ERROR;
				CLANG_WARN_DOCUMENTATION_COMMENTS = YES;
				CLANG_WARN_EMPTY_BODY = YES;
				CLANG_WARN_ENUM_CONVERSION = YES;
				CLANG_WARN_INFINITE_RECURSION = YES;
				CLANG_WARN_INT_CONVERSION = YES;
				CLANG_WARN_OBJC_ROOT_CLASS = YES_ERROR;
				CLANG_WARN_SUSPICIOUS_MOVE = YES;
				CLANG_WARN_UNREACHABLE_CODE = YES;
				CLANG_WARN__DUPLICATE_METHOD_MATCH = YES;
				CODE_SIGN_IDENTITY = "-";
				COPY_PHASE_STRIP = NO;
				DEBUG_INFORMATION_FORMAT = "dwarf-with-dsym";
				ENABLE_NS_ASSERTIONS = NO;
				ENABLE_STRICT_OBJC_MSGSEND = YES;
				GCC_C_LANGUAGE_STANDARD = gnu99;
				GCC_NO_COMMON_BLOCKS = YES;
				GCC_WARN_64_TO_32_BIT_CONVERSION = YES;
				GCC_WARN_ABOUT_RETURN_TYPE = YES_ERROR;
				GCC_WARN_UNDECLARED_SELECTOR = YES;
				GCC_WARN_UNINITIALIZED_AUTOS = YES_AGGRESSIVE;
				GCC_WARN_UNUSED_FUNCTION = YES;
				GCC_WARN_UNUSED_VARIABLE = YES;
				MACOSX_DEPLOYMENT_TARGET = 10.11;
				MTL_ENABLE_DEBUG_INFO = NO;
				SDKROOT = macosx;
			};
			name = Release;
		};
		331332991E4478E900BAD242 /* Debug */ = {
			isa = XCBuildConfiguration;
			buildSettings = {
				"HEADER_SEARCH_PATHS[arch=*]" = /opt/local/include;
				LIBRARY_SEARCH_PATHS = (
					"$(inherited)",
					/opt/local/lib,
					"$(PROJECT_DIR)",
				);
				"LIBRARY_SEARCH_PATHS[arch=*]" = /opt/local/lib;
				PRODUCT_NAME = "$(TARGET_NAME)";
			};
			name = Debug;
		};
		3313329A1E4478E900BAD242 /* Release */ = {
			isa = XCBuildConfiguration;
			buildSettings = {
				"HEADER_SEARCH_PATHS[arch=*]" = /opt/local/include;
				LIBRARY_SEARCH_PATHS = (
					"$(inherited)",
					/opt/local/lib,
					"$(PROJECT_DIR)",
				);
				"LIBRARY_SEARCH_PATHS[arch=*]" = /opt/local/lib;
				PRODUCT_NAME = "$(TARGET_NAME)";
			};
			name = Release;
		};
/* End XCBuildConfiguration section */

/* Begin XCConfigurationList section */
		3313328C1E4478E900BAD242 /* Build configuration list for PBXProject "히스토그램_openCVsample" */ = {
			isa = XCConfigurationList;
			buildConfigurations = (
				331332961E4478E900BAD242 /* Debug */,
				331332971E4478E900BAD242 /* Release */,
			);
			defaultConfigurationIsVisible = 0;
			defaultConfigurationName = Release;
		};
		331332981E4478E900BAD242 /* Build configuration list for PBXNativeTarget "히스토그램_openCVsample" */ = {
			isa = XCConfigurationList;
			buildConfigurations = (
				331332991E4478E900BAD242 /* Debug */,
				3313329A1E4478E900BAD242 /* Release */,
			);
			defaultConfigurationIsVisible = 0;
		};
/* End XCConfigurationList section */
	};
	rootObject = 331332891E4478E900BAD242 /* Project object */;
}
